PODS:
  - AFNetworking (3.2.1):
    - AFNetworking/NSURLSession (= 3.2.1)
    - AFNetworking/Reachability (= 3.2.1)
    - AFNetworking/Security (= 3.2.1)
    - AFNetworking/Serialization (= 3.2.1)
    - AFNetworking/UIKit (= 3.2.1)
  - AFNetworking/NSURLSession (3.2.1):
    - AFNetworking/Reachability
    - AFNetworking/Security
    - AFNetworking/Serialization
  - AFNetworking/Reachability (3.2.1)
  - AFNetworking/Security (3.2.1)
  - AFNetworking/Serialization (3.2.1)
  - AFNetworking/UIKit (3.2.1):
    - AFNetworking/NSURLSession
  - Flutter (1.0.0)
  - FMDB (2.7.5):
    - FMDB/standard (= 2.7.5)
  - FMDB/standard (2.7.5)
  - image_pickers (0.0.1):
    - AFNetworking
    - Flutter
    - ZLPhotoBrowser
  - image_save (0.0.1):
    - Flutter
  - path_provider (0.0.1):
    - Flutter
  - permission_handler (3.3.0):
    - Flutter
  - SDWebImage (5.2.5):
    - SDWebImage/Core (= 5.2.5)
  - SDWebImage/Core (5.2.5)
  - shared_preferences (0.0.1):
    - Flutter
  - sqflite (0.0.1):
    - Flutter
    - FMDB (~> 2.7.2)
  - ZLPhotoBrowser (3.1.2):
    - SDWebImage

DEPENDENCIES:
  - Flutter (from `.symlinks/flutter/ios`)
  - image_pickers (from `.symlinks/plugins/image_pickers/ios`)
  - image_save (from `.symlinks/plugins/image_save/ios`)
  - path_provider (from `.symlinks/plugins/path_provider/ios`)
  - permission_handler (from `.symlinks/plugins/permission_handler/ios`)
  - shared_preferences (from `.symlinks/plugins/shared_preferences/ios`)
  - sqflite (from `.symlinks/plugins/sqflite/ios`)

SPEC REPOS:
  https://mirrors.tuna.tsinghua.edu.cn/git/CocoaPods/Specs.git:
    - AFNetworking
    - FMDB
    - SDWebImage
    - ZLPhotoBrowser

EXTERNAL SOURCES:
  Flutter:
    :path: ".symlinks/flutter/ios"
  image_pickers:
    :path: ".symlinks/plugins/image_pickers/ios"
  image_save:
    :path: ".symlinks/plugins/image_save/ios"
  path_provider:
    :path: ".symlinks/plugins/path_provider/ios"
  permission_handler:
    :path: ".symlinks/plugins/permission_handler/ios"
  shared_preferences:
    :path: ".symlinks/plugins/shared_preferences/ios"
  sqflite:
    :path: ".symlinks/plugins/sqflite/ios"

SPEC CHECKSUMS:
  AFNetworking: b6f891fdfaed196b46c7a83cf209e09697b94057
  Flutter: 0e3d915762c693b495b44d77113d4970485de6ec
  FMDB: 2ce00b547f966261cd18927a3ddb07cb6f3db82a
  image_pickers: 7b9d9fd430b5eb2ed48fb14fd8b9d77034a0a8a8
  image_save: 66ab41fa2c60bc9569e55563ea287cced7b79fd1
  path_provider: fb74bd0465e96b594bb3b5088ee4a4e7bb1f2a9d
  permission_handler: 67637977b227d62d46bfbf524f335f8568de5a73
  SDWebImage: 4eabf2fa6695c95c47724214417a9c036c965e4a
  shared_preferences: 430726339841afefe5142b9c1f50cb6bd7793e01
  sqflite: 4001a31ff81d210346b500c55b17f4d6c7589dd0
  ZLPhotoBrowser: 7e88434918366af98f8ebbaf5b94206985812ed6

PODFILE CHECKSUM: 8354626d1afab416611256157f045502b02d2e0c

COCOAPODS: 1.8.4
